
Microsoft Visual Studio Solution File, Format Version 12.00
# Visual Studio Version 17
VisualStudioVersion = 17.9.34616.47
MinimumVisualStudioVersion = 10.0.40219.1
Project("{FAE04EC0-301F-11D3-BF4B-00C04F79EFBC}") = "Bounty", "Bounty\Bounty.csproj", "{9A469BD3-4022-405C-8600-C9D25FD7F80A}"
EndProject
Global
	GlobalSection(SolutionConfigurationPlatforms) = preSolution
		Debug|Any CPU = Debug|Any CPU
		Release|Any CPU = Release|Any CPU
	EndGlobalSection
	GlobalSection(ProjectConfigurationPlatforms) = postSolution
		{9A469BD3-4022-405C-8600-C9D25FD7F80A}.Debug|Any CPU.ActiveCfg = Debug|Any CPU
		{9A469BD3-4022-405C-8600-C9D25FD7F80A}.Debug|Any CPU.Build.0 = Debug|Any CPU
		{9A469BD3-4022-405C-8600-C9D25FD7F80A}.Release|Any CPU.ActiveCfg = Release|Any CPU
		{9A469BD3-4022-405C-8600-C9D25FD7F80A}.Release|Any CPU.Build.0 = Release|Any CPU
	EndGlobalSection
	GlobalSection(SolutionProperties) = preSolution
		HideSolutionNode = FALSE
	EndGlobalSection
	GlobalSection(ExtensibilityGlobals) = postSolution
		SolutionGuid = {9DCCA398-E16B-42A8-B813-1B71D5D8B864}
	EndGlobalSection
EndGlobal
